
Microsoft Visual Studio Solution File, Format Version 12.00
# Visual Studio Version 17
VisualStudioVersion = 17.14.36310.24
MinimumVisualStudioVersion = 10.0.40219.1
Project("{FAE04EC0-301F-11D3-BF4B-00C04F79EFBC}") = "BallGamesWindowsFormsApp", "BallGamesWindowsFormsApp\BallGamesWindowsFormsApp.csproj", "{F91EB528-726B-4870-8EC4-AC51325F3D39}"
EndProject
Project("{FAE04EC0-301F-11D3-BF4B-00C04F79EFBC}") = "CatchMeWindowsFormsApp", "CatchMEWindowsFormsApp\CatchMeWindowsFormsApp.csproj", "{7EE8C189-BA61-425D-BAC6-36AB88CD266E}"
EndProject
Project("{FAE04EC0-301F-11D3-BF4B-00C04F79EFBC}") = "Balls.Common", "BallGames.Common\Balls.Common.csproj", "{375ECA17-AC45-4D30-8B58-4109CCCF1087}"
EndProject
Project("{FAE04EC0-301F-11D3-BF4B-00C04F79EFBC}") = "BilliardBallsWindowsFormsApp", "BilliardBallsWindowsFormsApp\BilliardBallsWindowsFormsApp.csproj", "{92497663-616B-4A49-9B6C-EA075959EDBA}"
EndProject
Project("{FAE04EC0-301F-11D3-BF4B-00C04F79EFBC}") = "CheckingDiffusionWindowsFormsApp", "CheckingDiffusionWindowsFormsApp\CheckingDiffusionWindowsFormsApp.csproj", "{327EDE6F-A4C9-40B2-9B18-7559E5D25558}"
EndProject
Project("{FAE04EC0-301F-11D3-BF4B-00C04F79EFBC}") = "SaluteWindowsFormsApp", "SaluteWindowsFormsApp\SaluteWindowsFormsApp.csproj", "{6A56226B-56C3-4763-8FC4-B7B509A5152D}"
EndProject
Project("{FAE04EC0-301F-11D3-BF4B-00C04F79EFBC}") = "FruitNinjaWinFormApp", "FruitNinjaWinFormApp\FruitNinjaWinFormApp.csproj", "{F2347D26-C9A5-441E-8775-5FC966E986F2}"
EndProject
Global
	GlobalSection(SolutionConfigurationPlatforms) = preSolution
		Debug|Any CPU = Debug|Any CPU
		Release|Any CPU = Release|Any CPU
	EndGlobalSection
	GlobalSection(ProjectConfigurationPlatforms) = postSolution
		{F91EB528-726B-4870-8EC4-AC51325F3D39}.Debug|Any CPU.ActiveCfg = Debug|Any CPU
		{F91EB528-726B-4870-8EC4-AC51325F3D39}.Debug|Any CPU.Build.0 = Debug|Any CPU
		{F91EB528-726B-4870-8EC4-AC51325F3D39}.Release|Any CPU.ActiveCfg = Release|Any CPU
		{F91EB528-726B-4870-8EC4-AC51325F3D39}.Release|Any CPU.Build.0 = Release|Any CPU
		{7EE8C189-BA61-425D-BAC6-36AB88CD266E}.Debug|Any CPU.ActiveCfg = Debug|Any CPU
		{7EE8C189-BA61-425D-BAC6-36AB88CD266E}.Debug|Any CPU.Build.0 = Debug|Any CPU
		{7EE8C189-BA61-425D-BAC6-36AB88CD266E}.Release|Any CPU.ActiveCfg = Release|Any CPU
		{7EE8C189-BA61-425D-BAC6-36AB88CD266E}.Release|Any CPU.Build.0 = Release|Any CPU
		{375ECA17-AC45-4D30-8B58-4109CCCF1087}.Debug|Any CPU.ActiveCfg = Debug|Any CPU
		{375ECA17-AC45-4D30-8B58-4109CCCF1087}.Debug|Any CPU.Build.0 = Debug|Any CPU
		{375ECA17-AC45-4D30-8B58-4109CCCF1087}.Release|Any CPU.ActiveCfg = Release|Any CPU
		{375ECA17-AC45-4D30-8B58-4109CCCF1087}.Release|Any CPU.Build.0 = Release|Any CPU
		{92497663-616B-4A49-9B6C-EA075959EDBA}.Debug|Any CPU.ActiveCfg = Debug|Any CPU
		{92497663-616B-4A49-9B6C-EA075959EDBA}.Debug|Any CPU.Build.0 = Debug|Any CPU
		{92497663-616B-4A49-9B6C-EA075959EDBA}.Release|Any CPU.ActiveCfg = Release|Any CPU
		{92497663-616B-4A49-9B6C-EA075959EDBA}.Release|Any CPU.Build.0 = Release|Any CPU
		{327EDE6F-A4C9-40B2-9B18-7559E5D25558}.Debug|Any CPU.ActiveCfg = Debug|Any CPU
		{327EDE6F-A4C9-40B2-9B18-7559E5D25558}.Debug|Any CPU.Build.0 = Debug|Any CPU
		{327EDE6F-A4C9-40B2-9B18-7559E5D25558}.Release|Any CPU.ActiveCfg = Release|Any CPU
		{327EDE6F-A4C9-40B2-9B18-7559E5D25558}.Release|Any CPU.Build.0 = Release|Any CPU
		{6A56226B-56C3-4763-8FC4-B7B509A5152D}.Debug|Any CPU.ActiveCfg = Debug|Any CPU
		{6A56226B-56C3-4763-8FC4-B7B509A5152D}.Debug|Any CPU.Build.0 = Debug|Any CPU
		{6A56226B-56C3-4763-8FC4-B7B509A5152D}.Release|Any CPU.ActiveCfg = Release|Any CPU
		{6A56226B-56C3-4763-8FC4-B7B509A5152D}.Release|Any CPU.Build.0 = Release|Any CPU
		{F2347D26-C9A5-441E-8775-5FC966E986F2}.Debug|Any CPU.ActiveCfg = Debug|Any CPU
		{F2347D26-C9A5-441E-8775-5FC966E986F2}.Debug|Any CPU.Build.0 = Debug|Any CPU
		{F2347D26-C9A5-441E-8775-5FC966E986F2}.Release|Any CPU.ActiveCfg = Release|Any CPU
		{F2347D26-C9A5-441E-8775-5FC966E986F2}.Release|Any CPU.Build.0 = Release|Any CPU
	EndGlobalSection
	GlobalSection(SolutionProperties) = preSolution
		HideSolutionNode = FALSE
	EndGlobalSection
	GlobalSection(ExtensibilityGlobals) = postSolution
		SolutionGuid = {DABF8C77-3063-41DF-9AC8-3662F5C2DC3D}
	EndGlobalSection
EndGlobal
